
Microsoft Visual Studio Solution File, Format Version 12.00
# Visual Studio 15
VisualStudioVersion = 15.0.27703.2026
MinimumVisualStudioVersion = 10.0.40219.1
Project("{FAE04EC0-301F-11D3-BF4B-00C04F79EFBC}") = "ProgrammingAssignment_1_CSIS209", "ProgrammingAssignment_1_CSIS209.csproj", "{8740F838-094A-4580-AF86-164B8AF11A2E}"
EndProject
Global
	GlobalSection(SolutionConfigurationPlatforms) = preSolution
		Debug|Any CPU = Debug|Any CPU
		Release|Any CPU = Release|Any CPU
	EndGlobalSection
	GlobalSection(ProjectConfigurationPlatforms) = postSolution
		{8740F838-094A-4580-AF86-164B8AF11A2E}.Debug|Any CPU.ActiveCfg = Debug|Any CPU
		{8740F838-094A-4580-AF86-164B8AF11A2E}.Debug|Any CPU.Build.0 = Debug|Any CPU
		{8740F838-094A-4580-AF86-164B8AF11A2E}.Release|Any CPU.ActiveCfg = Release|Any CPU
		{8740F838-094A-4580-AF86-164B8AF11A2E}.Release|Any CPU.Build.0 = Release|Any CPU
	EndGlobalSection
	GlobalSection(SolutionProperties) = preSolution
		HideSolutionNode = FALSE
	EndGlobalSection
	GlobalSection(ExtensibilityGlobals) = postSolution
		SolutionGuid = {2F74D69F-594F-4203-BBBD-2A677F481FB8}
	EndGlobalSection
EndGlobal
